// !$*UTF8*$!
{
	archiveVersion = 1;
	classes = {
	};
	objectVersion = 52;
	objects = {

/* Begin PBXBuildFile section */
		03277EFC2628512900EBE3BA /* AppDelegate.swift in Sources */ = {isa = PBXBuildFile; fileRef = 03277EFB2628512900EBE3BA /* AppDelegate.swift */; };
		03277EFE2628512900EBE3BA /* SceneDelegate.swift in Sources */ = {isa = PBXBuildFile; fileRef = 03277EFD2628512900EBE3BA /* SceneDelegate.swift */; };
		03277F002628512900EBE3BA /* MapViewController.swift in Sources */ = {isa = PBXBuildFile; fileRef = 03277EFF2628512900EBE3BA /* MapViewController.swift */; };
		03277F032628512900EBE3BA /* Main.storyboard in Resources */ = {isa = PBXBuildFile; fileRef = 03277F012628512900EBE3BA /* Main.storyboard */; };
		03277F052628512B00EBE3BA /* Assets.xcassets in Resources */ = {isa = PBXBuildFile; fileRef = 03277F042628512B00EBE3BA /* Assets.xcassets */; };
		03277F082628512B00EBE3BA /* LaunchScreen.storyboard in Resources */ = {isa = PBXBuildFile; fileRef = 03277F062628512B00EBE3BA /* LaunchScreen.storyboard */; };
		03277F132628546300EBE3BA /* SnapKit in Frameworks */ = {isa = PBXBuildFile; productRef = 03277F122628546300EBE3BA /* SnapKit */; };
		03277F1C262855F200EBE3BA /* ViewController.swift in Sources */ = {isa = PBXBuildFile; fileRef = 03277F1B262855F200EBE3BA /* ViewController.swift */; };
		3F3DF4D92628A3670039AC29 /* MapAnnotation.swift in Sources */ = {isa = PBXBuildFile; fileRef = 3F3DF4D82628A3670039AC29 /* MapAnnotation.swift */; };
		3F3DF4DD2628B1670039AC29 /* LocationManager.swift in Sources */ = {isa = PBXBuildFile; fileRef = 3F3DF4DC2628B1670039AC29 /* LocationManager.swift */; };
		3F3DF4E12628BFEE0039AC29 /* WebController.swift in Sources */ = {isa = PBXBuildFile; fileRef = 3F3DF4E02628BFEE0039AC29 /* WebController.swift */; };
/* End PBXBuildFile section */

/* Begin PBXFileReference section */
		03277EF82628512900EBE3BA /* MapApplication.app */ = {isa = PBXFileReference; explicitFileType = wrapper.application; includeInIndex = 0; path = MapApplication.app; sourceTree = BUILT_PRODUCTS_DIR; };
		03277EFB2628512900EBE3BA /* AppDelegate.swift */ = {isa = PBXFileReference; lastKnownFileType = sourcecode.swift; path = AppDelegate.swift; sourceTree = "<group>"; };
		03277EFD2628512900EBE3BA /* SceneDelegate.swift */ = {isa = PBXFileReference; lastKnownFileType = sourcecode.swift; path = SceneDelegate.swift; sourceTree = "<group>"; };
		03277EFF2628512900EBE3BA /* MapViewController.swift */ = {isa = PBXFileReference; lastKnownFileType = sourcecode.swift; path = MapViewController.swift; sourceTree = "<group>"; };
		03277F022628512900EBE3BA /* Base */ = {isa = PBXFileReference; lastKnownFileType = file.storyboard; name = Base; path = Base.lproj/Main.storyboard; sourceTree = "<group>"; };
		03277F042628512B00EBE3BA /* Assets.xcassets */ = {isa = PBXFileReference; lastKnownFileType = folder.assetcatalog; path = Assets.xcassets; sourceTree = "<group>"; };
		03277F072628512B00EBE3BA /* Base */ = {isa = PBXFileReference; lastKnownFileType = file.storyboard; name = Base; path = Base.lproj/LaunchScreen.storyboard; sourceTree = "<group>"; };
		03277F092628512C00EBE3BA /* Info.plist */ = {isa = PBXFileReference; lastKnownFileType = text.plist.xml; path = Info.plist; sourceTree = "<group>"; };
		03277F1B262855F200EBE3BA /* ViewController.swift */ = {isa = PBXFileReference; lastKnownFileType = sourcecode.swift; path = ViewController.swift; sourceTree = "<group>"; };
		3F3DF4D82628A3670039AC29 /* MapAnnotation.swift */ = {isa = PBXFileReference; lastKnownFileType = sourcecode.swift; path = MapAnnotation.swift; sourceTree = "<group>"; };
		3F3DF4DC2628B1670039AC29 /* LocationManager.swift */ = {isa = PBXFileReference; lastKnownFileType = sourcecode.swift; path = LocationManager.swift; sourceTree = "<group>"; };
		3F3DF4E02628BFEE0039AC29 /* WebController.swift */ = {isa = PBXFileReference; lastKnownFileType = sourcecode.swift; path = WebController.swift; sourceTree = "<group>"; };
/* End PBXFileReference section */

/* Begin PBXFrameworksBuildPhase section */
		03277EF52628512900EBE3BA /* Frameworks */ = {
			isa = PBXFrameworksBuildPhase;
			buildActionMask = 2147483647;
			files = (
				03277F132628546300EBE3BA /* SnapKit in Frameworks */,
			);
			runOnlyForDeploymentPostprocessing = 0;
		};
/* End PBXFrameworksBuildPhase section */

/* Begin PBXGroup section */
		03277EEF2628512900EBE3BA = {
			isa = PBXGroup;
			children = (
				03277EFA2628512900EBE3BA /* MapApplication */,
				03277EF92628512900EBE3BA /* Products */,
			);
			sourceTree = "<group>";
		};
		03277EF92628512900EBE3BA /* Products */ = {
			isa = PBXGroup;
			children = (
				03277EF82628512900EBE3BA /* MapApplication.app */,
			);
			name = Products;
			sourceTree = "<group>";
		};
		03277EFA2628512900EBE3BA /* MapApplication */ = {
			isa = PBXGroup;
			children = (
				03277F1F2628633600EBE3BA /* Features */,
				03277F18262855A000EBE3BA /* Resources */,
				03277F152628557C00EBE3BA /* Common */,
				03277EFB2628512900EBE3BA /* AppDelegate.swift */,
				03277EFD2628512900EBE3BA /* SceneDelegate.swift */,
				03277F012628512900EBE3BA /* Main.storyboard */,
				03277F092628512C00EBE3BA /* Info.plist */,
			);
			path = MapApplication;
			sourceTree = "<group>";
		};
		03277F152628557C00EBE3BA /* Common */ = {
			isa = PBXGroup;
			children = (
				3F3DF4DB2628B14C0039AC29 /* Location */,
				03277F172628559400EBE3BA /* Controllers */,
			);
			path = Common;
			sourceTree = "<group>";
		};
		03277F172628559400EBE3BA /* Controllers */ = {
			isa = PBXGroup;
			children = (
				03277F1A262855CE00EBE3BA /* ViewController */,
			);
			path = Controllers;
			sourceTree = "<group>";
		};
		03277F18262855A000EBE3BA /* Resources */ = {
			isa = PBXGroup;
			children = (
				03277F042628512B00EBE3BA /* Assets.xcassets */,
				03277F062628512B00EBE3BA /* LaunchScreen.storyboard */,
			);
			path = Resources;
			sourceTree = "<group>";
		};
		03277F1A262855CE00EBE3BA /* ViewController */ = {
			isa = PBXGroup;
			children = (
				03277F1B262855F200EBE3BA /* ViewController.swift */,
				3F3DF4E02628BFEE0039AC29 /* WebController.swift */,
			);
			path = ViewController;
			sourceTree = "<group>";
		};
		03277F1F2628633600EBE3BA /* Features */ = {
			isa = PBXGroup;
			children = (
				03277F202628633B00EBE3BA /* Location */,
			);
			path = Features;
			sourceTree = "<group>";
		};
		03277F202628633B00EBE3BA /* Location */ = {
			isa = PBXGroup;
			children = (
				3F3DF4D72628A31E0039AC29 /* Models */,
				03277F212628634400EBE3BA /* Controller */,
			);
			path = Location;
			sourceTree = "<group>";
		};
		03277F212628634400EBE3BA /* Controller */ = {
			isa = PBXGroup;
			children = (
				03277EFF2628512900EBE3BA /* MapViewController.swift */,
			);
			path = Controller;
			sourceTree = "<group>";
		};
		3F3DF4D72628A31E0039AC29 /* Models */ = {
			isa = PBXGroup;
			children = (
				3F3DF4D82628A3670039AC29 /* MapAnnotation.swift */,
			);
			path = Models;
			sourceTree = "<group>";
		};
		3F3DF4DB2628B14C0039AC29 /* Location */ = {
			isa = PBXGroup;
			children = (
				3F3DF4DC2628B1670039AC29 /* LocationManager.swift */,
			);
			path = Location;
			sourceTree = "<group>";
		};
/* End PBXGroup section */

/* Begin PBXNativeTarget section */
		03277EF72628512900EBE3BA /* MapApplication */ = {
			isa = PBXNativeTarget;
			buildConfigurationList = 03277F0C2628512C00EBE3BA /* Build configuration list for PBXNativeTarget "MapApplication" */;
			buildPhases = (
				03277EF42628512900EBE3BA /* Sources */,
				03277EF52628512900EBE3BA /* Frameworks */,
				03277EF62628512900EBE3BA /* Resources */,
			);
			buildRules = (
			);
			dependencies = (
			);
			name = MapApplication;
			packageProductDependencies = (
				03277F122628546300EBE3BA /* SnapKit */,
			);
			productName = MapApplication;
			productReference = 03277EF82628512900EBE3BA /* MapApplication.app */;
			productType = "com.apple.product-type.application";
		};
/* End PBXNativeTarget section */

/* Begin PBXProject section */
		03277EF02628512900EBE3BA /* Project object */ = {
			isa = PBXProject;
			attributes = {
				LastSwiftUpdateCheck = 1240;
				LastUpgradeCheck = 1240;
				TargetAttributes = {
					03277EF72628512900EBE3BA = {
						CreatedOnToolsVersion = 12.4;
					};
				};
			};
			buildConfigurationList = 03277EF32628512900EBE3BA /* Build configuration list for PBXProject "MapApplication" */;
			compatibilityVersion = "Xcode 9.3";
			developmentRegion = en;
			hasScannedForEncodings = 0;
			knownRegions = (
				en,
				Base,
			);
			mainGroup = 03277EEF2628512900EBE3BA;
			packageReferences = (
				03277F112628546300EBE3BA /* XCRemoteSwiftPackageReference "SnapKit" */,
			);
			productRefGroup = 03277EF92628512900EBE3BA /* Products */;
			projectDirPath = "";
			projectRoot = "";
			targets = (
				03277EF72628512900EBE3BA /* MapApplication */,
			);
		};
/* End PBXProject section */

/* Begin PBXResourcesBuildPhase section */
		03277EF62628512900EBE3BA /* Resources */ = {
			isa = PBXResourcesBuildPhase;
			buildActionMask = 2147483647;
			files = (
				03277F082628512B00EBE3BA /* LaunchScreen.storyboard in Resources */,
				03277F052628512B00EBE3BA /* Assets.xcassets in Resources */,
				03277F032628512900EBE3BA /* Main.storyboard in Resources */,
			);
			runOnlyForDeploymentPostprocessing = 0;
		};
/* End PBXResourcesBuildPhase section */

/* Begin PBXSourcesBuildPhase section */
		03277EF42628512900EBE3BA /* Sources */ = {
			isa = PBXSourcesBuildPhase;
			buildActionMask = 2147483647;
			files = (
				03277F002628512900EBE3BA /* MapViewController.swift in Sources */,
				3F3DF4D92628A3670039AC29 /* MapAnnotation.swift in Sources */,
				3F3DF4DD2628B1670039AC29 /* LocationManager.swift in Sources */,
				3F3DF4E12628BFEE0039AC29 /* WebController.swift in Sources */,
				03277EFC2628512900EBE3BA /* AppDelegate.swift in Sources */,
				03277F1C262855F200EBE3BA /* ViewController.swift in Sources */,
				03277EFE2628512900EBE3BA /* SceneDelegate.swift in Sources */,
			);
			runOnlyForDeploymentPostprocessing = 0;
		};
/* End PBXSourcesBuildPhase section */

/* Begin PBXVariantGroup section */
		03277F012628512900EBE3BA /* Main.storyboard */ = {
			isa = PBXVariantGroup;
			children = (
				03277F022628512900EBE3BA /* Base */,
			);
			name = Main.storyboard;
			sourceTree = "<group>";
		};
		03277F062628512B00EBE3BA /* LaunchScreen.storyboard */ = {
			isa = PBXVariantGroup;
			children = (
				03277F072628512B00EBE3BA /* Base */,
			);
			name = LaunchScreen.storyboard;
			sourceTree = "<group>";
		};
/* End PBXVariantGroup section */

/* Begin XCBuildConfiguration section */
		03277F0A2628512C00EBE3BA /* Debug */ = {
			isa = XCBuildConfiguration;
			buildSettings = {
				ALWAYS_SEARCH_USER_PATHS = NO;
				CLANG_ANALYZER_NONNULL = YES;
				CLANG_ANALYZER_NUMBER_OBJECT_CONVERSION = YES_AGGRESSIVE;
				CLANG_CXX_LANGUAGE_STANDARD = "gnu++14";
				CLANG_CXX_LIBRARY = "libc++";
				CLANG_ENABLE_MODULES = YES;
				CLANG_ENABLE_OBJC_ARC = YES;
				CLANG_ENABLE_OBJC_WEAK = YES;
				CLANG_WARN_BLOCK_CAPTURE_AUTORELEASING = YES;
				CLANG_WARN_BOOL_CONVERSION = YES;
				CLANG_WARN_COMMA = YES;
				CLANG_WARN_CONSTANT_CONVERSION = YES;
				CLANG_WARN_DEPRECATED_OBJC_IMPLEMENTATIONS = YES;
				CLANG_WARN_DIRECT_OBJC_ISA_USAGE = YES_ERROR;
				CLANG_WARN_DOCUMENTATION_COMMENTS = YES;
				CLANG_WARN_EMPTY_BODY = YES;
				CLANG_WARN_ENUM_CONVERSION = YES;
				CLANG_WARN_INFINITE_RECURSION = YES;
				CLANG_WARN_INT_CONVERSION = YES;
				CLANG_WARN_NON_LITERAL_NULL_CONVERSION = YES;
				CLANG_WARN_OBJC_IMPLICIT_RETAIN_SELF = YES;
				CLANG_WARN_OBJC_LITERAL_CONVERSION = YES;
				CLANG_WARN_OBJC_ROOT_CLASS = YES_ERROR;
				CLANG_WARN_QUOTED_INCLUDE_IN_FRAMEWORK_HEADER = YES;
				CLANG_WARN_RANGE_LOOP_ANALYSIS = YES;
				CLANG_WARN_STRICT_PROTOTYPES = YES;
				CLANG_WARN_SUSPICIOUS_MOVE = YES;
				CLANG_WARN_UNGUARDED_AVAILABILITY = YES_AGGRESSIVE;
				CLANG_WARN_UNREACHABLE_CODE = YES;
				CLANG_WARN__DUPLICATE_METHOD_MATCH = YES;
				COPY_PHASE_STRIP = NO;
				DEBUG_INFORMATION_FORMAT = dwarf;
				ENABLE_STRICT_OBJC_MSGSEND = YES;
				ENABLE_TESTABILITY = YES;
				GCC_C_LANGUAGE_STANDARD = gnu11;
				GCC_DYNAMIC_NO_PIC = NO;
				GCC_NO_COMMON_BLOCKS = YES;
				GCC_OPTIMIZATION_LEVEL = 0;
				GCC_PREPROCESSOR_DEFINITIONS = (
					"DEBUG=1",
					"$(inherited)",
				);
				GCC_WARN_64_TO_32_BIT_CONVERSION = YES;
				GCC_WARN_ABOUT_RETURN_TYPE = YES_ERROR;
				GCC_WARN_UNDECLARED_SELECTOR = YES;
				GCC_WARN_UNINITIALIZED_AUTOS = YES_AGGRESSIVE;
				GCC_WARN_UNUSED_FUNCTION = YES;
				GCC_WARN_UNUSED_VARIABLE = YES;
				IPHONEOS_DEPLOYMENT_TARGET = 14.4;
				MTL_ENABLE_DEBUG_INFO = INCLUDE_SOURCE;
				MTL_FAST_MATH = YES;
				ONLY_ACTIVE_ARCH = YES;
				SDKROOT = iphoneos;
				SWIFT_ACTIVE_COMPILATION_CONDITIONS = DEBUG;
				SWIFT_OPTIMIZATION_LEVEL = "-Onone";
			};
			name = Debug;
		};
		03277F0B2628512C00EBE3BA /* Release */ = {
			isa = XCBuildConfiguration;
			buildSettings = {
				ALWAYS_SEARCH_USER_PATHS = NO;
				CLANG_ANALYZER_NONNULL = YES;
				CLANG_ANALYZER_NUMBER_OBJECT_CONVERSION = YES_AGGRESSIVE;
				CLANG_CXX_LANGUAGE_STANDARD = "gnu++14";
				CLANG_CXX_LIBRARY = "libc++";
				CLANG_ENABLE_MODULES = YES;
				CLANG_ENABLE_OBJC_ARC = YES;
				CLANG_ENABLE_OBJC_WEAK = YES;
				CLANG_WARN_BLOCK_CAPTURE_AUTORELEASING = YES;
				CLANG_WARN_BOOL_CONVERSION = YES;
				CLANG_WARN_COMMA = YES;
				CLANG_WARN_CONSTANT_CONVERSION = YES;
				CLANG_WARN_DEPRECATED_OBJC_IMPLEMENTATIONS = YES;
				CLANG_WARN_DIRECT_OBJC_ISA_USAGE = YES_ERROR;
				CLANG_WARN_DOCUMENTATION_COMMENTS = YES;
				CLANG_WARN_EMPTY_BODY = YES;
				CLANG_WARN_ENUM_CONVERSION = YES;
				CLANG_WARN_INFINITE_RECURSION = YES;
				CLANG_WARN_INT_CONVERSION = YES;
				CLANG_WARN_NON_LITERAL_NULL_CONVERSION = YES;
				CLANG_WARN_OBJC_IMPLICIT_RETAIN_SELF = YES;
				CLANG_WARN_OBJC_LITERAL_CONVERSION = YES;
				CLANG_WARN_OBJC_ROOT_CLASS = YES_ERROR;
				CLANG_WARN_QUOTED_INCLUDE_IN_FRAMEWORK_HEADER = YES;
				CLANG_WARN_RANGE_LOOP_ANALYSIS = YES;
				CLANG_WARN_STRICT_PROTOTYPES = YES;
				CLANG_WARN_SUSPICIOUS_MOVE = YES;
				CLANG_WARN_UNGUARDED_AVAILABILITY = YES_AGGRESSIVE;
				CLANG_WARN_UNREACHABLE_CODE = YES;
				CLANG_WARN__DUPLICATE_METHOD_MATCH = YES;
				COPY_PHASE_STRIP = NO;
				DEBUG_INFORMATION_FORMAT = "dwarf-with-dsym";
				ENABLE_NS_ASSERTIONS = NO;
				ENABLE_STRICT_OBJC_MSGSEND = YES;
				GCC_C_LANGUAGE_STANDARD = gnu11;
				GCC_NO_COMMON_BLOCKS = YES;
				GCC_WARN_64_TO_32_BIT_CONVERSION = YES;
				GCC_WARN_ABOUT_RETURN_TYPE = YES_ERROR;
				GCC_WARN_UNDECLARED_SELECTOR = YES;
				GCC_WARN_UNINITIALIZED_AUTOS = YES_AGGRESSIVE;
				GCC_WARN_UNUSED_FUNCTION = YES;
				GCC_WARN_UNUSED_VARIABLE = YES;
				IPHONEOS_DEPLOYMENT_TARGET = 14.4;
				MTL_ENABLE_DEBUG_INFO = NO;
				MTL_FAST_MATH = YES;
				SDKROOT = iphoneos;
				SWIFT_COMPILATION_MODE = wholemodule;
				SWIFT_OPTIMIZATION_LEVEL = "-O";
				VALIDATE_PRODUCT = YES;
			};
			name = Release;
		};
		03277F0D2628512C00EBE3BA /* Debug */ = {
			isa = XCBuildConfiguration;
			buildSettings = {
				ASSETCATALOG_COMPILER_APPICON_NAME = AppIcon;
				ASSETCATALOG_COMPILER_GLOBAL_ACCENT_COLOR_NAME = AccentColor;
				CODE_SIGN_STYLE = Automatic;
				DEVELOPMENT_TEAM = KG39R2KX5K;
				INFOPLIST_FILE = MapApplication/Info.plist;
				LD_RUNPATH_SEARCH_PATHS = (
					"$(inherited)",
					"@executable_path/Frameworks",
				);
				PRODUCT_BUNDLE_IDENTIFIER = by.korneyeva.MapApplication;
				PRODUCT_NAME = "$(TARGET_NAME)";
				SWIFT_VERSION = 5.0;
				TARGETED_DEVICE_FAMILY = "1,2";
			};
			name = Debug;
		};
		03277F0E2628512C00EBE3BA /* Release */ = {
			isa = XCBuildConfiguration;
			buildSettings = {
				ASSETCATALOG_COMPILER_APPICON_NAME = AppIcon;
				ASSETCATALOG_COMPILER_GLOBAL_ACCENT_COLOR_NAME = AccentColor;
				CODE_SIGN_STYLE = Automatic;
				DEVELOPMENT_TEAM = KG39R2KX5K;
				INFOPLIST_FILE = MapApplication/Info.plist;
				LD_RUNPATH_SEARCH_PATHS = (
					"$(inherited)",
					"@executable_path/Frameworks",
				);
				PRODUCT_BUNDLE_IDENTIFIER = by.korneyeva.MapApplication;
				PRODUCT_NAME = "$(TARGET_NAME)";
				SWIFT_VERSION = 5.0;
				TARGETED_DEVICE_FAMILY = "1,2";
			};
			name = Release;
		};
/* End XCBuildConfiguration section */

/* Begin XCConfigurationList section */
		03277EF32628512900EBE3BA /* Build configuration list for PBXProject "MapApplication" */ = {
			isa = XCConfigurationList;
			buildConfigurations = (
				03277F0A2628512C00EBE3BA /* Debug */,
				03277F0B2628512C00EBE3BA /* Release */,
			);
			defaultConfigurationIsVisible = 0;
			defaultConfigurationName = Release;
		};
		03277F0C2628512C00EBE3BA /* Build configuration list for PBXNativeTarget "MapApplication" */ = {
			isa = XCConfigurationList;
			buildConfigurations = (
				03277F0D2628512C00EBE3BA /* Debug */,
				03277F0E2628512C00EBE3BA /* Release */,
			);
			defaultConfigurationIsVisible = 0;
			defaultConfigurationName = Release;
		};
/* End XCConfigurationList section */

/* Begin XCRemoteSwiftPackageReference section */
		03277F112628546300EBE3BA /* XCRemoteSwiftPackageReference "SnapKit" */ = {
			isa = XCRemoteSwiftPackageReference;
			repositoryURL = "https://github.com/SnapKit/SnapKit";
			requirement = {
				kind = upToNextMajorVersion;
				minimumVersion = 5.0.1;
			};
		};
/* End XCRemoteSwiftPackageReference section */

/* Begin XCSwiftPackageProductDependency section */
		03277F122628546300EBE3BA /* SnapKit */ = {
			isa = XCSwiftPackageProductDependency;
			package = 03277F112628546300EBE3BA /* XCRemoteSwiftPackageReference "SnapKit" */;
			productName = SnapKit;
		};
/* End XCSwiftPackageProductDependency section */
	};
	rootObject = 03277EF02628512900EBE3BA /* Project object */;
}
